
Microsoft Visual Studio Solution File, Format Version 12.00
# Visual Studio Version 16
VisualStudioVersion = 16.0.30105.148
MinimumVisualStudioVersion = 10.0.40219.1
Project("{8BC9CEB8-8B4A-11D0-8D11-00A0C91BC942}") = "unit_tests", "unit_tests\unit_tests.vcxproj", "{E4A67995-54AF-4C10-A6CC-7B768AA3B60E}"
EndProject
Project("{8BC9CEB8-8B4A-11D0-8D11-00A0C91BC942}") = "naive_gbe", "naive_gbe\naive_gbe.vcxproj", "{85C4D388-D41A-45BB-A561-1A82C978E5DD}"
EndProject
Project("{2150E333-8FDC-42A3-9474-1A3956D46DE8}") = "Solution Items", "Solution Items", "{DDEDB7E5-F3A1-4839-ACD8-65F114B9D76C}"
	ProjectSection(SolutionItems) = preProject
		..\..\..\.editorconfig = ..\..\..\.editorconfig
		..\..\..\.gitignore = ..\..\..\.gitignore
		..\..\..\.gitmodules = ..\..\..\.gitmodules
		..\..\..\.travis.yml = ..\..\..\.travis.yml
		..\..\..\CMakeLists.txt = ..\..\..\CMakeLists.txt
		..\..\..\gtest.cmake = ..\..\..\gtest.cmake
		..\..\..\LICENSE_1_0.txt = ..\..\..\LICENSE_1_0.txt
		..\..\..\README.md = ..\..\..\README.md
	EndProjectSection
EndProject
Project("{8BC9CEB8-8B4A-11D0-8D11-00A0C91BC942}") = "emulator", "emulator\emulator.vcxproj", "{9A7C46E2-E28E-4887-9440-6D5B4BCE9BA3}"
EndProject
Project("{8BC9CEB8-8B4A-11D0-8D11-00A0C91BC942}") = "naive_2dge", "naive_2dge\naive_2dge.vcxproj", "{FFA57BF3-436F-4187-BA90-1F1D973E1466}"
EndProject
Global
	GlobalSection(SolutionConfigurationPlatforms) = preSolution
		Debug|x64 = Debug|x64
		Debug|x86 = Debug|x86
		Release|x64 = Release|x64
		Release|x86 = Release|x86
	EndGlobalSection
	GlobalSection(ProjectConfigurationPlatforms) = postSolution
		{E4A67995-54AF-4C10-A6CC-7B768AA3B60E}.Debug|x64.ActiveCfg = Debug|x64
		{E4A67995-54AF-4C10-A6CC-7B768AA3B60E}.Debug|x64.Build.0 = Debug|x64
		{E4A67995-54AF-4C10-A6CC-7B768AA3B60E}.Debug|x86.ActiveCfg = Debug|Win32
		{E4A67995-54AF-4C10-A6CC-7B768AA3B60E}.Debug|x86.Build.0 = Debug|Win32
		{E4A67995-54AF-4C10-A6CC-7B768AA3B60E}.Release|x64.ActiveCfg = Release|x64
		{E4A67995-54AF-4C10-A6CC-7B768AA3B60E}.Release|x64.Build.0 = Release|x64
		{E4A67995-54AF-4C10-A6CC-7B768AA3B60E}.Release|x86.ActiveCfg = Release|Win32
		{E4A67995-54AF-4C10-A6CC-7B768AA3B60E}.Release|x86.Build.0 = Release|Win32
		{85C4D388-D41A-45BB-A561-1A82C978E5DD}.Debug|x64.ActiveCfg = Debug|x64
		{85C4D388-D41A-45BB-A561-1A82C978E5DD}.Debug|x64.Build.0 = Debug|x64
		{85C4D388-D41A-45BB-A561-1A82C978E5DD}.Debug|x86.ActiveCfg = Debug|Win32
		{85C4D388-D41A-45BB-A561-1A82C978E5DD}.Debug|x86.Build.0 = Debug|Win32
		{85C4D388-D41A-45BB-A561-1A82C978E5DD}.Release|x64.ActiveCfg = Release|x64
		{85C4D388-D41A-45BB-A561-1A82C978E5DD}.Release|x64.Build.0 = Release|x64
		{85C4D388-D41A-45BB-A561-1A82C978E5DD}.Release|x86.ActiveCfg = Release|Win32
		{85C4D388-D41A-45BB-A561-1A82C978E5DD}.Release|x86.Build.0 = Release|Win32
		{9A7C46E2-E28E-4887-9440-6D5B4BCE9BA3}.Debug|x64.ActiveCfg = Debug|x64
		{9A7C46E2-E28E-4887-9440-6D5B4BCE9BA3}.Debug|x64.Build.0 = Debug|x64
		{9A7C46E2-E28E-4887-9440-6D5B4BCE9BA3}.Debug|x86.ActiveCfg = Debug|Win32
		{9A7C46E2-E28E-4887-9440-6D5B4BCE9BA3}.Debug|x86.Build.0 = Debug|Win32
		{9A7C46E2-E28E-4887-9440-6D5B4BCE9BA3}.Release|x64.ActiveCfg = Release|x64
		{9A7C46E2-E28E-4887-9440-6D5B4BCE9BA3}.Release|x64.Build.0 = Release|x64
		{9A7C46E2-E28E-4887-9440-6D5B4BCE9BA3}.Release|x86.ActiveCfg = Release|Win32
		{9A7C46E2-E28E-4887-9440-6D5B4BCE9BA3}.Release|x86.Build.0 = Release|Win32
		{FFA57BF3-436F-4187-BA90-1F1D973E1466}.Debug|x64.ActiveCfg = Debug|x64
		{FFA57BF3-436F-4187-BA90-1F1D973E1466}.Debug|x64.Build.0 = Debug|x64
		{FFA57BF3-436F-4187-BA90-1F1D973E1466}.Debug|x86.ActiveCfg = Debug|Win32
		{FFA57BF3-436F-4187-BA90-1F1D973E1466}.Debug|x86.Build.0 = Debug|Win32
		{FFA57BF3-436F-4187-BA90-1F1D973E1466}.Release|x64.ActiveCfg = Release|x64
		{FFA57BF3-436F-4187-BA90-1F1D973E1466}.Release|x64.Build.0 = Release|x64
		{FFA57BF3-436F-4187-BA90-1F1D973E1466}.Release|x86.ActiveCfg = Release|Win32
		{FFA57BF3-436F-4187-BA90-1F1D973E1466}.Release|x86.Build.0 = Release|Win32
	EndGlobalSection
	GlobalSection(SolutionProperties) = preSolution
		HideSolutionNode = FALSE
	EndGlobalSection
	GlobalSection(ExtensibilityGlobals) = postSolution
		SolutionGuid = {ED24FBEA-4BD6-4ED9-8AEF-E1D281486F40}
	EndGlobalSection
EndGlobal
